
Microsoft Visual Studio Solution File, Format Version 12.00
# Visual Studio Version 17
VisualStudioVersion = 17.14.36414.22 d17.14
MinimumVisualStudioVersion = 10.0.40219.1
Project("{FAE04EC0-301F-11D3-BF4B-00C04F79EFBC}") = "1.2", "1.2.csproj", "{784FD994-DDCC-4611-BABB-37772DE73123}"
EndProject
Project("{FAE04EC0-301F-11D3-BF4B-00C04F79EFBC}") = "2", "..\2\2.csproj", "{945998F5-9AF2-40EC-9779-1EF277671D4E}"
EndProject
Global
	GlobalSection(SolutionConfigurationPlatforms) = preSolution
		Debug|Any CPU = Debug|Any CPU
		Debug|x64 = Debug|x64
		Release|Any CPU = Release|Any CPU
		Release|x64 = Release|x64
	EndGlobalSection
	GlobalSection(ProjectConfigurationPlatforms) = postSolution
		{784FD994-DDCC-4611-BABB-37772DE73123}.Debug|Any CPU.ActiveCfg = Debug|Any CPU
		{784FD994-DDCC-4611-BABB-37772DE73123}.Debug|Any CPU.Build.0 = Debug|Any CPU
		{784FD994-DDCC-4611-BABB-37772DE73123}.Debug|x64.ActiveCfg = Debug|x64
		{784FD994-DDCC-4611-BABB-37772DE73123}.Debug|x64.Build.0 = Debug|x64
		{784FD994-DDCC-4611-BABB-37772DE73123}.Release|Any CPU.ActiveCfg = Release|Any CPU
		{784FD994-DDCC-4611-BABB-37772DE73123}.Release|Any CPU.Build.0 = Release|Any CPU
		{784FD994-DDCC-4611-BABB-37772DE73123}.Release|x64.ActiveCfg = Release|x64
		{784FD994-DDCC-4611-BABB-37772DE73123}.Release|x64.Build.0 = Release|x64
		{945998F5-9AF2-40EC-9779-1EF277671D4E}.Debug|Any CPU.ActiveCfg = Debug|Any CPU
		{945998F5-9AF2-40EC-9779-1EF277671D4E}.Debug|Any CPU.Build.0 = Debug|Any CPU
		{945998F5-9AF2-40EC-9779-1EF277671D4E}.Debug|x64.ActiveCfg = Debug|Any CPU
		{945998F5-9AF2-40EC-9779-1EF277671D4E}.Debug|x64.Build.0 = Debug|Any CPU
		{945998F5-9AF2-40EC-9779-1EF277671D4E}.Release|Any CPU.ActiveCfg = Release|Any CPU
		{945998F5-9AF2-40EC-9779-1EF277671D4E}.Release|Any CPU.Build.0 = Release|Any CPU
		{945998F5-9AF2-40EC-9779-1EF277671D4E}.Release|x64.ActiveCfg = Release|Any CPU
		{945998F5-9AF2-40EC-9779-1EF277671D4E}.Release|x64.Build.0 = Release|Any CPU
	EndGlobalSection
	GlobalSection(SolutionProperties) = preSolution
		HideSolutionNode = FALSE
	EndGlobalSection
	GlobalSection(ExtensibilityGlobals) = postSolution
		SolutionGuid = {0FEF6AB3-8FEB-4DE1-958C-A25191520D4E}
	EndGlobalSection
EndGlobal
